// !$*UTF8*$!
{
	archiveVersion = 1;
	classes = {
	};
	objectVersion = 46;
	objects = {

/* Begin PBXBuildFile section */
		2577C3F51C9B72FF00CD05B7 /* AppDelegate.swift in Sources */ = {isa = PBXBuildFile; fileRef = 2577C3F41C9B72FF00CD05B7 /* AppDelegate.swift */; };
		2577C3F71C9B72FF00CD05B7 /* ViewController.swift in Sources */ = {isa = PBXBuildFile; fileRef = 2577C3F61C9B72FF00CD05B7 /* ViewController.swift */; };
		2577C3FA1C9B72FF00CD05B7 /* Main.storyboard in Resources */ = {isa = PBXBuildFile; fileRef = 2577C3F81C9B72FF00CD05B7 /* Main.storyboard */; };
		2577C3FD1C9B72FF00CD05B7 /* dbl.xcdatamodeld in Sources */ = {isa = PBXBuildFile; fileRef = 2577C3FB1C9B72FF00CD05B7 /* dbl.xcdatamodeld */; };
		2577C3FF1C9B72FF00CD05B7 /* Assets.xcassets in Resources */ = {isa = PBXBuildFile; fileRef = 2577C3FE1C9B72FF00CD05B7 /* Assets.xcassets */; };
		2577C4021C9B72FF00CD05B7 /* LaunchScreen.storyboard in Resources */ = {isa = PBXBuildFile; fileRef = 2577C4001C9B72FF00CD05B7 /* LaunchScreen.storyboard */; };
/* End PBXBuildFile section */

/* Begin PBXFileReference section */
		2577C3F11C9B72FF00CD05B7 /* dbl.app */ = {isa = PBXFileReference; explicitFileType = wrapper.application; includeInIndex = 0; path = dbl.app; sourceTree = BUILT_PRODUCTS_DIR; };
		2577C3F41C9B72FF00CD05B7 /* AppDelegate.swift */ = {isa = PBXFileReference; lastKnownFileType = sourcecode.swift; path = AppDelegate.swift; sourceTree = "<group>"; };
		2577C3F61C9B72FF00CD05B7 /* ViewController.swift */ = {isa = PBXFileReference; lastKnownFileType = sourcecode.swift; path = ViewController.swift; sourceTree = "<group>"; };
		2577C3F91C9B72FF00CD05B7 /* Base */ = {isa = PBXFileReference; lastKnownFileType = file.storyboard; name = Base; path = Base.lproj/Main.storyboard; sourceTree = "<group>"; };
		2577C3FC1C9B72FF00CD05B7 /* dbl.xcdatamodel */ = {isa = PBXFileReference; lastKnownFileType = wrapper.xcdatamodel; path = dbl.xcdatamodel; sourceTree = "<group>"; };
		2577C3FE1C9B72FF00CD05B7 /* Assets.xcassets */ = {isa = PBXFileReference; lastKnownFileType = folder.assetcatalog; path = Assets.xcassets; sourceTree = "<group>"; };
		2577C4011C9B72FF00CD05B7 /* Base */ = {isa = PBXFileReference; lastKnownFileType = file.storyboard; name = Base; path = Base.lproj/LaunchScreen.storyboard; sourceTree = "<group>"; };
		2577C4031C9B72FF00CD05B7 /* Info.plist */ = {isa = PBXFileReference; lastKnownFileType = text.plist.xml; path = Info.plist; sourceTree = "<group>"; };
/* End PBXFileReference section */

/* Begin PBXFrameworksBuildPhase section */
		2577C3EE1C9B72FF00CD05B7 /* Frameworks */ = {
			isa = PBXFrameworksBuildPhase;
			buildActionMask = 2147483647;
			files = (
			);
			runOnlyForDeploymentPostprocessing = 0;
		};
/* End PBXFrameworksBuildPhase section */

/* Begin PBXGroup section */
		2577C3E81C9B72FF00CD05B7 = {
			isa = PBXGroup;
			children = (
				2577C3F31C9B72FF00CD05B7 /* dbl */,
				2577C3F21C9B72FF00CD05B7 /* Products */,
			);
			sourceTree = "<group>";
		};
		2577C3F21C9B72FF00CD05B7 /* Products */ = {
			isa = PBXGroup;
			children = (
				2577C3F11C9B72FF00CD05B7 /* dbl.app */,
			);
			name = Products;
			sourceTree = "<group>";
		};
		2577C3F31C9B72FF00CD05B7 /* dbl */ = {
			isa = PBXGroup;
			children = (
				2577C3F41C9B72FF00CD05B7 /* AppDelegate.swift */,
				2577C3F61C9B72FF00CD05B7 /* ViewController.swift */,
				2577C3F81C9B72FF00CD05B7 /* Main.storyboard */,
				2577C3FE1C9B72FF00CD05B7 /* Assets.xcassets */,
				2577C4001C9B72FF00CD05B7 /* LaunchScreen.storyboard */,
				2577C4031C9B72FF00CD05B7 /* Info.plist */,
				2577C3FB1C9B72FF00CD05B7 /* dbl.xcdatamodeld */,
			);
			path = dbl;
			sourceTree = "<group>";
		};
/* End PBXGroup section */

/* Begin PBXNativeTarget section */
		2577C3F01C9B72FF00CD05B7 /* dbl */ = {
			isa = PBXNativeTarget;
			buildConfigurationList = 2577C4061C9B72FF00CD05B7 /* Build configuration list for PBXNativeTarget "dbl" */;
			buildPhases = (
				2577C3ED1C9B72FF00CD05B7 /* Sources */,
				2577C3EE1C9B72FF00CD05B7 /* Frameworks */,
				2577C3EF1C9B72FF00CD05B7 /* Resources */,
			);
			buildRules = (
			);
			dependencies = (
			);
			name = dbl;
			productName = dbl;
			productReference = 2577C3F11C9B72FF00CD05B7 /* dbl.app */;
			productType = "com.apple.product-type.application";
		};
/* End PBXNativeTarget section */

/* Begin PBXProject section */
		2577C3E91C9B72FF00CD05B7 /* Project object */ = {
			isa = PBXProject;
			attributes = {
				LastSwiftUpdateCheck = 0720;
				LastUpgradeCheck = 0720;
				ORGANIZATIONNAME = "Blake Barrett";
				TargetAttributes = {
					2577C3F01C9B72FF00CD05B7 = {
						CreatedOnToolsVersion = 7.2.1;
					};
				};
			};
			buildConfigurationList = 2577C3EC1C9B72FF00CD05B7 /* Build configuration list for PBXProject "dbl" */;
			compatibilityVersion = "Xcode 3.2";
			developmentRegion = English;
			hasScannedForEncodings = 0;
			knownRegions = (
				en,
				Base,
			);
			mainGroup = 2577C3E81C9B72FF00CD05B7;
			productRefGroup = 2577C3F21C9B72FF00CD05B7 /* Products */;
			projectDirPath = "";
			projectRoot = "";
			targets = (
				2577C3F01C9B72FF00CD05B7 /* dbl */,
			);
		};
/* End PBXProject section */

/* Begin PBXResourcesBuildPhase section */
		2577C3EF1C9B72FF00CD05B7 /* Resources */ = {
			isa = PBXResourcesBuildPhase;
			buildActionMask = 2147483647;
			files = (
				2577C4021C9B72FF00CD05B7 /* LaunchScreen.storyboard in Resources */,
				2577C3FF1C9B72FF00CD05B7 /* Assets.xcassets in Resources */,
				2577C3FA1C9B72FF00CD05B7 /* Main.storyboard in Resources */,
			);
			runOnlyForDeploymentPostprocessing = 0;
		};
/* End PBXResourcesBuildPhase section */

/* Begin PBXSourcesBuildPhase section */
		2577C3ED1C9B72FF00CD05B7 /* Sources */ = {
			isa = PBXSourcesBuildPhase;
			buildActionMask = 2147483647;
			files = (
				2577C3FD1C9B72FF00CD05B7 /* dbl.xcdatamodeld in Sources */,
				2577C3F71C9B72FF00CD05B7 /* ViewController.swift in Sources */,
				2577C3F51C9B72FF00CD05B7 /* AppDelegate.swift in Sources */,
			);
			runOnlyForDeploymentPostprocessing = 0;
		};
/* End PBXSourcesBuildPhase section */

/* Begin PBXVariantGroup section */
		2577C3F81C9B72FF00CD05B7 /* Main.storyboard */ = {
			isa = PBXVariantGroup;
			children = (
				2577C3F91C9B72FF00CD05B7 /* Base */,
			);
			name = Main.storyboard;
			sourceTree = "<group>";
		};
		2577C4001C9B72FF00CD05B7 /* LaunchScreen.storyboard */ = {
			isa = PBXVariantGroup;
			children = (
				2577C4011C9B72FF00CD05B7 /* Base */,
			);
			name = LaunchScreen.storyboard;
			sourceTree = "<group>";
		};
/* End PBXVariantGroup section */

/* Begin XCBuildConfiguration section */
		2577C4041C9B72FF00CD05B7 /* Debug */ = {
			isa = XCBuildConfiguration;
			buildSettings = {
				ALWAYS_SEARCH_USER_PATHS = NO;
				CLANG_CXX_LANGUAGE_STANDARD = "gnu++0x";
				CLANG_CXX_LIBRARY = "libc++";
				CLANG_ENABLE_MODULES = YES;
				CLANG_ENABLE_OBJC_ARC = YES;
				CLANG_WARN_BOOL_CONVERSION = YES;
				CLANG_WARN_CONSTANT_CONVERSION = YES;
				CLANG_WARN_DIRECT_OBJC_ISA_USAGE = YES_ERROR;
				CLANG_WARN_EMPTY_BODY = YES;
				CLANG_WARN_ENUM_CONVERSION = YES;
				CLANG_WARN_INT_CONVERSION = YES;
				CLANG_WARN_OBJC_ROOT_CLASS = YES_ERROR;
				CLANG_WARN_UNREACHABLE_CODE = YES;
				CLANG_WARN__DUPLICATE_METHOD_MATCH = YES;
				"CODE_SIGN_IDENTITY[sdk=iphoneos*]" = "iPhone Developer";
				COPY_PHASE_STRIP = NO;
				DEBUG_INFORMATION_FORMAT = dwarf;
				ENABLE_STRICT_OBJC_MSGSEND = YES;
				ENABLE_TESTABILITY = YES;
				GCC_C_LANGUAGE_STANDARD = gnu99;
				GCC_DYNAMIC_NO_PIC = NO;
				GCC_NO_COMMON_BLOCKS = YES;
				GCC_OPTIMIZATION_LEVEL = 0;
				GCC_PREPROCESSOR_DEFINITIONS = (
					"DEBUG=1",
					"$(inherited)",
				);
				GCC_WARN_64_TO_32_BIT_CONVERSION = YES;
				GCC_WARN_ABOUT_RETURN_TYPE = YES_ERROR;
				GCC_WARN_UNDECLARED_SELECTOR = YES;
				GCC_WARN_UNINITIALIZED_AUTOS = YES_AGGRESSIVE;
				GCC_WARN_UNUSED_FUNCTION = YES;
				GCC_WARN_UNUSED_VARIABLE = YES;
				IPHONEOS_DEPLOYMENT_TARGET = 9.2;
				MTL_ENABLE_DEBUG_INFO = YES;
				ONLY_ACTIVE_ARCH = YES;
				SDKROOT = iphoneos;
				SWIFT_OPTIMIZATION_LEVEL = "-Onone";
				TARGETED_DEVICE_FAMILY = "1,2";
			};
			name = Debug;
		};
		2577C4051C9B72FF00CD05B7 /* Release */ = {
			isa = XCBuildConfiguration;
			buildSettings = {
				ALWAYS_SEARCH_USER_PATHS = NO;
				CLANG_CXX_LANGUAGE_STANDARD = "gnu++0x";
				CLANG_CXX_LIBRARY = "libc++";
				CLANG_ENABLE_MODULES = YES;
				CLANG_ENABLE_OBJC_ARC = YES;
				CLANG_WARN_BOOL_CONVERSION = YES;
				CLANG_WARN_CONSTANT_CONVERSION = YES;
				CLANG_WARN_DIRECT_OBJC_ISA_USAGE = YES_ERROR;
				CLANG_WARN_EMPTY_BODY = YES;
				CLANG_WARN_ENUM_CONVERSION = YES;
				CLANG_WARN_INT_CONVERSION = YES;
				CLANG_WARN_OBJC_ROOT_CLASS = YES_ERROR;
				CLANG_WARN_UNREACHABLE_CODE = YES;
				CLANG_WARN__DUPLICATE_METHOD_MATCH = YES;
				"CODE_SIGN_IDENTITY[sdk=iphoneos*]" = "iPhone Developer";
				COPY_PHASE_STRIP = NO;
				DEBUG_INFORMATION_FORMAT = "dwarf-with-dsym";
				ENABLE_NS_ASSERTIONS = NO;
				ENABLE_STRICT_OBJC_MSGSEND = YES;
				GCC_C_LANGUAGE_STANDARD = gnu99;
				GCC_NO_COMMON_BLOCKS = YES;
				GCC_WARN_64_TO_32_BIT_CONVERSION = YES;
				GCC_WARN_ABOUT_RETURN_TYPE = YES_ERROR;
				GCC_WARN_UNDECLARED_SELECTOR = YES;
				GCC_WARN_UNINITIALIZED_AUTOS = YES_AGGRESSIVE;
				GCC_WARN_UNUSED_FUNCTION = YES;
				GCC_WARN_UNUSED_VARIABLE = YES;
				IPHONEOS_DEPLOYMENT_TARGET = 9.2;
				MTL_ENABLE_DEBUG_INFO = NO;
				SDKROOT = iphoneos;
				TARGETED_DEVICE_FAMILY = "1,2";
				VALIDATE_PRODUCT = YES;
			};
			name = Release;
		};
		2577C4071C9B72FF00CD05B7 /* Debug */ = {
			isa = XCBuildConfiguration;
			buildSettings = {
				ASSETCATALOG_COMPILER_APPICON_NAME = AppIcon;
				INFOPLIST_FILE = dbl/Info.plist;
				LD_RUNPATH_SEARCH_PATHS = "$(inherited) @executable_path/Frameworks";
				PRODUCT_BUNDLE_IDENTIFIER = com.blakebarrett.dbl;
				PRODUCT_NAME = "$(TARGET_NAME)";
			};
			name = Debug;
		};
		2577C4081C9B72FF00CD05B7 /* Release */ = {
			isa = XCBuildConfiguration;
			buildSettings = {
				ASSETCATALOG_COMPILER_APPICON_NAME = AppIcon;
				INFOPLIST_FILE = dbl/Info.plist;
				LD_RUNPATH_SEARCH_PATHS = "$(inherited) @executable_path/Frameworks";
				PRODUCT_BUNDLE_IDENTIFIER = com.blakebarrett.dbl;
				PRODUCT_NAME = "$(TARGET_NAME)";
			};
			name = Release;
		};
/* End XCBuildConfiguration section */

/* Begin XCConfigurationList section */
		2577C3EC1C9B72FF00CD05B7 /* Build configuration list for PBXProject "dbl" */ = {
			isa = XCConfigurationList;
			buildConfigurations = (
				2577C4041C9B72FF00CD05B7 /* Debug */,
				2577C4051C9B72FF00CD05B7 /* Release */,
			);
			defaultConfigurationIsVisible = 0;
			defaultConfigurationName = Release;
		};
		2577C4061C9B72FF00CD05B7 /* Build configuration list for PBXNativeTarget "dbl" */ = {
			isa = XCConfigurationList;
			buildConfigurations = (
				2577C4071C9B72FF00CD05B7 /* Debug */,
				2577C4081C9B72FF00CD05B7 /* Release */,
			);
			defaultConfigurationIsVisible = 0;
		};
/* End XCConfigurationList section */

/* Begin XCVersionGroup section */
		2577C3FB1C9B72FF00CD05B7 /* dbl.xcdatamodeld */ = {
			isa = XCVersionGroup;
			children = (
				2577C3FC1C9B72FF00CD05B7 /* dbl.xcdatamodel */,
			);
			currentVersion = 2577C3FC1C9B72FF00CD05B7 /* dbl.xcdatamodel */;
			path = dbl.xcdatamodeld;
			sourceTree = "<group>";
			versionGroupType = wrapper.xcdatamodel;
		};
/* End XCVersionGroup section */
	};
	rootObject = 2577C3E91C9B72FF00CD05B7 /* Project object */;
}
